// !$*UTF8*$!
{
	archiveVersion = 1;
	classes = {
	};
	objectVersion = 56;
	objects = {

/* Begin PBXBuildFile section */
		E314AEAB2A0A3DA300677BC2 /* SDImageSVGWKWebCoderExampleApp.swift in Sources */ = {isa = PBXBuildFile; fileRef = E314AEAA2A0A3DA300677BC2 /* SDImageSVGWKWebCoderExampleApp.swift */; };
		E314AEAD2A0A3DA300677BC2 /* ContentView.swift in Sources */ = {isa = PBXBuildFile; fileRef = E314AEAC2A0A3DA300677BC2 /* ContentView.swift */; };
		E314AEAF2A0A3DA400677BC2 /* Assets.xcassets in Resources */ = {isa = PBXBuildFile; fileRef = E314AEAE2A0A3DA400677BC2 /* Assets.xcassets */; };
		E314AEB22A0A3DA400677BC2 /* Preview Assets.xcassets in Resources */ = {isa = PBXBuildFile; fileRef = E314AEB12A0A3DA400677BC2 /* Preview Assets.xcassets */; };
		E314AEBC2A0A3EB800677BC2 /* SDWebImageSwiftUI in Frameworks */ = {isa = PBXBuildFile; productRef = E314AEBB2A0A3EB800677BC2 /* SDWebImageSwiftUI */; };
		E370C0AC2A0B1CB200887DD8 /* SDImageSVGWKWebCoder in Frameworks */ = {isa = PBXBuildFile; productRef = E370C0AB2A0B1CB200887DD8 /* SDImageSVGWKWebCoder */; };
		E370C0AE2A0B22E100887DD8 /* WebView.swift in Sources */ = {isa = PBXBuildFile; fileRef = E370C0AD2A0B22E100887DD8 /* WebView.swift */; };
/* End PBXBuildFile section */

/* Begin PBXFileReference section */
		E314AEA72A0A3DA300677BC2 /* SDImageSVGWKWebCoderExample.app */ = {isa = PBXFileReference; explicitFileType = wrapper.application; includeInIndex = 0; path = SDImageSVGWKWebCoderExample.app; sourceTree = BUILT_PRODUCTS_DIR; };
		E314AEAA2A0A3DA300677BC2 /* SDImageSVGWKWebCoderExampleApp.swift */ = {isa = PBXFileReference; lastKnownFileType = sourcecode.swift; path = SDImageSVGWKWebCoderExampleApp.swift; sourceTree = "<group>"; };
		E314AEAC2A0A3DA300677BC2 /* ContentView.swift */ = {isa = PBXFileReference; lastKnownFileType = sourcecode.swift; path = ContentView.swift; sourceTree = "<group>"; };
		E314AEAE2A0A3DA400677BC2 /* Assets.xcassets */ = {isa = PBXFileReference; lastKnownFileType = folder.assetcatalog; path = Assets.xcassets; sourceTree = "<group>"; };
		E314AEB12A0A3DA400677BC2 /* Preview Assets.xcassets */ = {isa = PBXFileReference; lastKnownFileType = folder.assetcatalog; path = "Preview Assets.xcassets"; sourceTree = "<group>"; };
		E314AEB92A0A3E3100677BC2 /* SDImageSVGWKWebCoder */ = {isa = PBXFileReference; lastKnownFileType = wrapper; name = SDImageSVGWKWebCoder; path = ..; sourceTree = "<group>"; };
		E370C0AD2A0B22E100887DD8 /* WebView.swift */ = {isa = PBXFileReference; lastKnownFileType = sourcecode.swift; path = WebView.swift; sourceTree = "<group>"; };
/* End PBXFileReference section */

/* Begin PBXFrameworksBuildPhase section */
		E314AEA42A0A3DA300677BC2 /* Frameworks */ = {
			isa = PBXFrameworksBuildPhase;
			buildActionMask = 2147483647;
			files = (
				E314AEBC2A0A3EB800677BC2 /* SDWebImageSwiftUI in Frameworks */,
				E370C0AC2A0B1CB200887DD8 /* SDImageSVGWKWebCoder in Frameworks */,
			);
			runOnlyForDeploymentPostprocessing = 0;
		};
/* End PBXFrameworksBuildPhase section */

/* Begin PBXGroup section */
		E314AE9E2A0A3DA300677BC2 = {
			isa = PBXGroup;
			children = (
				E314AEB82A0A3E3100677BC2 /* Packages */,
				E314AEA92A0A3DA300677BC2 /* SDImageSVGWKWebCoderExample */,
				E314AEA82A0A3DA300677BC2 /* Products */,
				E370C0AA2A0B1CB200887DD8 /* Frameworks */,
			);
			sourceTree = "<group>";
		};
		E314AEA82A0A3DA300677BC2 /* Products */ = {
			isa = PBXGroup;
			children = (
				E314AEA72A0A3DA300677BC2 /* SDImageSVGWKWebCoderExample.app */,
			);
			name = Products;
			sourceTree = "<group>";
		};
		E314AEA92A0A3DA300677BC2 /* SDImageSVGWKWebCoderExample */ = {
			isa = PBXGroup;
			children = (
				E314AEAA2A0A3DA300677BC2 /* SDImageSVGWKWebCoderExampleApp.swift */,
				E314AEAC2A0A3DA300677BC2 /* ContentView.swift */,
				E370C0AD2A0B22E100887DD8 /* WebView.swift */,
				E314AEAE2A0A3DA400677BC2 /* Assets.xcassets */,
				E314AEB02A0A3DA400677BC2 /* Preview Content */,
			);
			path = SDImageSVGWKWebCoderExample;
			sourceTree = "<group>";
		};
		E314AEB02A0A3DA400677BC2 /* Preview Content */ = {
			isa = PBXGroup;
			children = (
				E314AEB12A0A3DA400677BC2 /* Preview Assets.xcassets */,
			);
			path = "Preview Content";
			sourceTree = "<group>";
		};
		E314AEB82A0A3E3100677BC2 /* Packages */ = {
			isa = PBXGroup;
			children = (
				E314AEB92A0A3E3100677BC2 /* SDImageSVGWKWebCoder */,
			);
			name = Packages;
			sourceTree = "<group>";
		};
		E370C0AA2A0B1CB200887DD8 /* Frameworks */ = {
			isa = PBXGroup;
			children = (
			);
			name = Frameworks;
			sourceTree = "<group>";
		};
/* End PBXGroup section */

/* Begin PBXNativeTarget section */
		E314AEA62A0A3DA300677BC2 /* SDImageSVGWKWebCoderExample */ = {
			isa = PBXNativeTarget;
			buildConfigurationList = E314AEB52A0A3DA400677BC2 /* Build configuration list for PBXNativeTarget "SDImageSVGWKWebCoderExample" */;
			buildPhases = (
				E314AEA32A0A3DA300677BC2 /* Sources */,
				E314AEA42A0A3DA300677BC2 /* Frameworks */,
				E314AEA52A0A3DA300677BC2 /* Resources */,
			);
			buildRules = (
			);
			dependencies = (
			);
			name = SDImageSVGWKWebCoderExample;
			packageProductDependencies = (
				E314AEBB2A0A3EB800677BC2 /* SDWebImageSwiftUI */,
				E370C0AB2A0B1CB200887DD8 /* SDImageSVGWKWebCoder */,
			);
			productName = SDImageSVGWKWebCoderExample;
			productReference = E314AEA72A0A3DA300677BC2 /* SDImageSVGWKWebCoderExample.app */;
			productType = "com.apple.product-type.application";
		};
/* End PBXNativeTarget section */

/* Begin PBXProject section */
		E314AE9F2A0A3DA300677BC2 /* Project object */ = {
			isa = PBXProject;
			attributes = {
				BuildIndependentTargetsInParallel = 1;
				LastSwiftUpdateCheck = 1430;
				LastUpgradeCheck = 1430;
				TargetAttributes = {
					E314AEA62A0A3DA300677BC2 = {
						CreatedOnToolsVersion = 14.3;
					};
				};
			};
			buildConfigurationList = E314AEA22A0A3DA300677BC2 /* Build configuration list for PBXProject "SDImageSVGWKWebCoderExample" */;
			compatibilityVersion = "Xcode 14.0";
			developmentRegion = en;
			hasScannedForEncodings = 0;
			knownRegions = (
				en,
				Base,
			);
			mainGroup = E314AE9E2A0A3DA300677BC2;
			packageReferences = (
				E314AEBA2A0A3EB800677BC2 /* XCRemoteSwiftPackageReference "SDWebImageSwiftUI" */,
			);
			productRefGroup = E314AEA82A0A3DA300677BC2 /* Products */;
			projectDirPath = "";
			projectRoot = "";
			targets = (
				E314AEA62A0A3DA300677BC2 /* SDImageSVGWKWebCoderExample */,
			);
		};
/* End PBXProject section */

/* Begin PBXResourcesBuildPhase section */
		E314AEA52A0A3DA300677BC2 /* Resources */ = {
			isa = PBXResourcesBuildPhase;
			buildActionMask = 2147483647;
			files = (
				E314AEB22A0A3DA400677BC2 /* Preview Assets.xcassets in Resources */,
				E314AEAF2A0A3DA400677BC2 /* Assets.xcassets in Resources */,
			);
			runOnlyForDeploymentPostprocessing = 0;
		};
/* End PBXResourcesBuildPhase section */

/* Begin PBXSourcesBuildPhase section */
		E314AEA32A0A3DA300677BC2 /* Sources */ = {
			isa = PBXSourcesBuildPhase;
			buildActionMask = 2147483647;
			files = (
				E370C0AE2A0B22E100887DD8 /* WebView.swift in Sources */,
				E314AEAD2A0A3DA300677BC2 /* ContentView.swift in Sources */,
				E314AEAB2A0A3DA300677BC2 /* SDImageSVGWKWebCoderExampleApp.swift in Sources */,
			);
			runOnlyForDeploymentPostprocessing = 0;
		};
/* End PBXSourcesBuildPhase section */

/* Begin XCBuildConfiguration section */
		E314AEB32A0A3DA400677BC2 /* Debug */ = {
			isa = XCBuildConfiguration;
			buildSettings = {
				ALWAYS_SEARCH_USER_PATHS = NO;
				CLANG_ANALYZER_NONNULL = YES;
				CLANG_ANALYZER_NUMBER_OBJECT_CONVERSION = YES_AGGRESSIVE;
				CLANG_CXX_LANGUAGE_STANDARD = "gnu++20";
				CLANG_ENABLE_MODULES = YES;
				CLANG_ENABLE_OBJC_ARC = YES;
				CLANG_ENABLE_OBJC_WEAK = YES;
				CLANG_WARN_BLOCK_CAPTURE_AUTORELEASING = YES;
				CLANG_WARN_BOOL_CONVERSION = YES;
				CLANG_WARN_COMMA = YES;
				CLANG_WARN_CONSTANT_CONVERSION = YES;
				CLANG_WARN_DEPRECATED_OBJC_IMPLEMENTATIONS = YES;
				CLANG_WARN_DIRECT_OBJC_ISA_USAGE = YES_ERROR;
				CLANG_WARN_DOCUMENTATION_COMMENTS = YES;
				CLANG_WARN_EMPTY_BODY = YES;
				CLANG_WARN_ENUM_CONVERSION = YES;
				CLANG_WARN_INFINITE_RECURSION = YES;
				CLANG_WARN_INT_CONVERSION = YES;
				CLANG_WARN_NON_LITERAL_NULL_CONVERSION = YES;
				CLANG_WARN_OBJC_IMPLICIT_RETAIN_SELF = YES;
				CLANG_WARN_OBJC_LITERAL_CONVERSION = YES;
				CLANG_WARN_OBJC_ROOT_CLASS = YES_ERROR;
				CLANG_WARN_QUOTED_INCLUDE_IN_FRAMEWORK_HEADER = YES;
				CLANG_WARN_RANGE_LOOP_ANALYSIS = YES;
				CLANG_WARN_STRICT_PROTOTYPES = YES;
				CLANG_WARN_SUSPICIOUS_MOVE = YES;
				CLANG_WARN_UNGUARDED_AVAILABILITY = YES_AGGRESSIVE;
				CLANG_WARN_UNREACHABLE_CODE = YES;
				CLANG_WARN__DUPLICATE_METHOD_MATCH = YES;
				COPY_PHASE_STRIP = NO;
				DEBUG_INFORMATION_FORMAT = dwarf;
				ENABLE_STRICT_OBJC_MSGSEND = YES;
				ENABLE_TESTABILITY = YES;
				GCC_C_LANGUAGE_STANDARD = gnu11;
				GCC_DYNAMIC_NO_PIC = NO;
				GCC_NO_COMMON_BLOCKS = YES;
				GCC_OPTIMIZATION_LEVEL = 0;
				GCC_PREPROCESSOR_DEFINITIONS = (
					"DEBUG=1",
					"$(inherited)",
				);
				GCC_WARN_64_TO_32_BIT_CONVERSION = YES;
				GCC_WARN_ABOUT_RETURN_TYPE = YES_ERROR;
				GCC_WARN_UNDECLARED_SELECTOR = YES;
				GCC_WARN_UNINITIALIZED_AUTOS = YES_AGGRESSIVE;
				GCC_WARN_UNUSED_FUNCTION = YES;
				GCC_WARN_UNUSED_VARIABLE = YES;
				IPHONEOS_DEPLOYMENT_TARGET = 16.4;
				MTL_ENABLE_DEBUG_INFO = INCLUDE_SOURCE;
				MTL_FAST_MATH = YES;
				ONLY_ACTIVE_ARCH = YES;
				SDKROOT = iphoneos;
				SWIFT_ACTIVE_COMPILATION_CONDITIONS = DEBUG;
				SWIFT_OPTIMIZATION_LEVEL = "-Onone";
			};
			name = Debug;
		};
		E314AEB42A0A3DA400677BC2 /* Release */ = {
			isa = XCBuildConfiguration;
			buildSettings = {
				ALWAYS_SEARCH_USER_PATHS = NO;
				CLANG_ANALYZER_NONNULL = YES;
				CLANG_ANALYZER_NUMBER_OBJECT_CONVERSION = YES_AGGRESSIVE;
				CLANG_CXX_LANGUAGE_STANDARD = "gnu++20";
				CLANG_ENABLE_MODULES = YES;
				CLANG_ENABLE_OBJC_ARC = YES;
				CLANG_ENABLE_OBJC_WEAK = YES;
				CLANG_WARN_BLOCK_CAPTURE_AUTORELEASING = YES;
				CLANG_WARN_BOOL_CONVERSION = YES;
				CLANG_WARN_COMMA = YES;
				CLANG_WARN_CONSTANT_CONVERSION = YES;
				CLANG_WARN_DEPRECATED_OBJC_IMPLEMENTATIONS = YES;
				CLANG_WARN_DIRECT_OBJC_ISA_USAGE = YES_ERROR;
				CLANG_WARN_DOCUMENTATION_COMMENTS = YES;
				CLANG_WARN_EMPTY_BODY = YES;
				CLANG_WARN_ENUM_CONVERSION = YES;
				CLANG_WARN_INFINITE_RECURSION = YES;
				CLANG_WARN_INT_CONVERSION = YES;
				CLANG_WARN_NON_LITERAL_NULL_CONVERSION = YES;
				CLANG_WARN_OBJC_IMPLICIT_RETAIN_SELF = YES;
				CLANG_WARN_OBJC_LITERAL_CONVERSION = YES;
				CLANG_WARN_OBJC_ROOT_CLASS = YES_ERROR;
				CLANG_WARN_QUOTED_INCLUDE_IN_FRAMEWORK_HEADER = YES;
				CLANG_WARN_RANGE_LOOP_ANALYSIS = YES;
				CLANG_WARN_STRICT_PROTOTYPES = YES;
				CLANG_WARN_SUSPICIOUS_MOVE = YES;
				CLANG_WARN_UNGUARDED_AVAILABILITY = YES_AGGRESSIVE;
				CLANG_WARN_UNREACHABLE_CODE = YES;
				CLANG_WARN__DUPLICATE_METHOD_MATCH = YES;
				COPY_PHASE_STRIP = NO;
				DEBUG_INFORMATION_FORMAT = "dwarf-with-dsym";
				ENABLE_NS_ASSERTIONS = NO;
				ENABLE_STRICT_OBJC_MSGSEND = YES;
				GCC_C_LANGUAGE_STANDARD = gnu11;
				GCC_NO_COMMON_BLOCKS = YES;
				GCC_WARN_64_TO_32_BIT_CONVERSION = YES;
				GCC_WARN_ABOUT_RETURN_TYPE = YES_ERROR;
				GCC_WARN_UNDECLARED_SELECTOR = YES;
				GCC_WARN_UNINITIALIZED_AUTOS = YES_AGGRESSIVE;
				GCC_WARN_UNUSED_FUNCTION = YES;
				GCC_WARN_UNUSED_VARIABLE = YES;
				IPHONEOS_DEPLOYMENT_TARGET = 16.4;
				MTL_ENABLE_DEBUG_INFO = NO;
				MTL_FAST_MATH = YES;
				SDKROOT = iphoneos;
				SWIFT_COMPILATION_MODE = wholemodule;
				SWIFT_OPTIMIZATION_LEVEL = "-O";
				VALIDATE_PRODUCT = YES;
			};
			name = Release;
		};
		E314AEB62A0A3DA400677BC2 /* Debug */ = {
			isa = XCBuildConfiguration;
			buildSettings = {
				ASSETCATALOG_COMPILER_APPICON_NAME = AppIcon;
				ASSETCATALOG_COMPILER_GLOBAL_ACCENT_COLOR_NAME = AccentColor;
				CODE_SIGN_STYLE = Automatic;
				CURRENT_PROJECT_VERSION = 1;
				DEVELOPMENT_ASSET_PATHS = "\"SDImageSVGWKWebCoderExample/Preview Content\"";
				ENABLE_PREVIEWS = YES;
				GENERATE_INFOPLIST_FILE = YES;
				INFOPLIST_KEY_UIApplicationSceneManifest_Generation = YES;
				INFOPLIST_KEY_UIApplicationSupportsIndirectInputEvents = YES;
				INFOPLIST_KEY_UILaunchScreen_Generation = YES;
				INFOPLIST_KEY_UISupportedInterfaceOrientations_iPad = "UIInterfaceOrientationPortrait UIInterfaceOrientationPortraitUpsideDown UIInterfaceOrientationLandscapeLeft UIInterfaceOrientationLandscapeRight";
				INFOPLIST_KEY_UISupportedInterfaceOrientations_iPhone = "UIInterfaceOrientationPortrait UIInterfaceOrientationLandscapeLeft UIInterfaceOrientationLandscapeRight";
				LD_RUNPATH_SEARCH_PATHS = (
					"$(inherited)",
					"@executable_path/Frameworks",
				);
				MARKETING_VERSION = 1.0;
				PRODUCT_BUNDLE_IDENTIFIER = won.SDImageSVGWKWebCoderExample;
				PRODUCT_NAME = "$(TARGET_NAME)";
				SWIFT_EMIT_LOC_STRINGS = YES;
				SWIFT_VERSION = 5.0;
				TARGETED_DEVICE_FAMILY = "1,2";
			};
			name = Debug;
		};
		E314AEB72A0A3DA400677BC2 /* Release */ = {
			isa = XCBuildConfiguration;
			buildSettings = {
				ASSETCATALOG_COMPILER_APPICON_NAME = AppIcon;
				ASSETCATALOG_COMPILER_GLOBAL_ACCENT_COLOR_NAME = AccentColor;
				CODE_SIGN_STYLE = Automatic;
				CURRENT_PROJECT_VERSION = 1;
				DEVELOPMENT_ASSET_PATHS = "\"SDImageSVGWKWebCoderExample/Preview Content\"";
				ENABLE_PREVIEWS = YES;
				GENERATE_INFOPLIST_FILE = YES;
				INFOPLIST_KEY_UIApplicationSceneManifest_Generation = YES;
				INFOPLIST_KEY_UIApplicationSupportsIndirectInputEvents = YES;
				INFOPLIST_KEY_UILaunchScreen_Generation = YES;
				INFOPLIST_KEY_UISupportedInterfaceOrientations_iPad = "UIInterfaceOrientationPortrait UIInterfaceOrientationPortraitUpsideDown UIInterfaceOrientationLandscapeLeft UIInterfaceOrientationLandscapeRight";
				INFOPLIST_KEY_UISupportedInterfaceOrientations_iPhone = "UIInterfaceOrientationPortrait UIInterfaceOrientationLandscapeLeft UIInterfaceOrientationLandscapeRight";
				LD_RUNPATH_SEARCH_PATHS = (
					"$(inherited)",
					"@executable_path/Frameworks",
				);
				MARKETING_VERSION = 1.0;
				PRODUCT_BUNDLE_IDENTIFIER = won.SDImageSVGWKWebCoderExample;
				PRODUCT_NAME = "$(TARGET_NAME)";
				SWIFT_EMIT_LOC_STRINGS = YES;
				SWIFT_VERSION = 5.0;
				TARGETED_DEVICE_FAMILY = "1,2";
			};
			name = Release;
		};
/* End XCBuildConfiguration section */

/* Begin XCConfigurationList section */
		E314AEA22A0A3DA300677BC2 /* Build configuration list for PBXProject "SDImageSVGWKWebCoderExample" */ = {
			isa = XCConfigurationList;
			buildConfigurations = (
				E314AEB32A0A3DA400677BC2 /* Debug */,
				E314AEB42A0A3DA400677BC2 /* Release */,
			);
			defaultConfigurationIsVisible = 0;
			defaultConfigurationName = Release;
		};
		E314AEB52A0A3DA400677BC2 /* Build configuration list for PBXNativeTarget "SDImageSVGWKWebCoderExample" */ = {
			isa = XCConfigurationList;
			buildConfigurations = (
				E314AEB62A0A3DA400677BC2 /* Debug */,
				E314AEB72A0A3DA400677BC2 /* Release */,
			);
			defaultConfigurationIsVisible = 0;
			defaultConfigurationName = Release;
		};
/* End XCConfigurationList section */

/* Begin XCRemoteSwiftPackageReference section */
		E314AEBA2A0A3EB800677BC2 /* XCRemoteSwiftPackageReference "SDWebImageSwiftUI" */ = {
			isa = XCRemoteSwiftPackageReference;
			repositoryURL = "https://github.com/SDWebImage/SDWebImageSwiftUI.git";
			requirement = {
				kind = upToNextMajorVersion;
				minimumVersion = 2.0.0;
			};
		};
/* End XCRemoteSwiftPackageReference section */

/* Begin XCSwiftPackageProductDependency section */
		E314AEBB2A0A3EB800677BC2 /* SDWebImageSwiftUI */ = {
			isa = XCSwiftPackageProductDependency;
			package = E314AEBA2A0A3EB800677BC2 /* XCRemoteSwiftPackageReference "SDWebImageSwiftUI" */;
			productName = SDWebImageSwiftUI;
		};
		E370C0AB2A0B1CB200887DD8 /* SDImageSVGWKWebCoder */ = {
			isa = XCSwiftPackageProductDependency;
			productName = SDImageSVGWKWebCoder;
		};
/* End XCSwiftPackageProductDependency section */
	};
	rootObject = E314AE9F2A0A3DA300677BC2 /* Project object */;
}
